# This file is automatically @generated by Poetry 2.5.1 and should not be changed by hand.

[[package]]
name = "astroid"
version = "4.3.3"
description = "An abstract syntax tree for Python with inference support."
optional = false
python-versions = ">=3.10.0"
groups = ["dev"]
files = [
    {file = "astroid-4.3.3-py3-none-any.whl", hash = "sha256:366c99c2907b6407869b1bbfd8abb10f3aea5818309e9c93c9b9c93ecf14bc4f"},
    {file = "astroid-4.3.3.tar.gz", hash = "sha256:d03854b09d92c08e18d8e7d9185d393961186ed0747136d8fcb2d1c008a504ec"},
]

[[package]]
name = "black"
version = "26.10.0"
description = "The uncompromising code formatter."
optional = false
python-versions = ">=3.10"
groups = ["dev"]
files = [
    {file = "black-26.10.0-cp310-cp310-macosx_10_9_x86_64.whl", hash = "sha256:0218c848ba69aa94052372cb5b50c6ac07dec2f2010a02e36b9cfb0921b2fad0"},
    {file = "black-26.10.0-cp310-cp310-macosx_11_0_arm64.whl", hash = "sha256:5bb0b882e59f69afb102f161ca12d46c3b46804029d1894056010a2cdf8a5cb2"},
    {file = "black-26.10.0-cp310-cp310-manylinux2014_x86_64.manylinux_2_17_x86_64.manylinux_2_28_x86_64.whl", hash = "sha256:9873e36e27e6786935900f153b1b7c04868c8abf616d1316e6fa9a5f9f64ffc4"},
    {file = "black-26.10.0-cp310-cp310-win_amd64.whl", hash = "sha256:39d4c2cd2c1205a81ec83aa672bd3b3b0b67f2bbc13b03033b8f95f7a3728aa6"},
    {file = "black-26.10.0-cp310-cp310-win_arm64.whl", hash = "sha256:b6a3d22ee0edb81ef80267224a3befd285f812111903e8963146ed32f334c923"},
    {file = "black-26.10.0-cp311-cp311-macosx_10_9_x86_64.whl", hash = "sha256:0ddc6d68d97c3289836f1e93c82ee3e1892f87ad685a54105820add0aad33751"},
    {file = "black-26.10.0-cp311-cp311-macosx_11_0_arm64.whl", hash = "sha256:25609587ce07ead25ee19a2eb3f3a32c9f82d8605ff234cb6e2a6152fdf753f3"},
    {file = "black-26.10.0-cp311-cp311-manylinux2014_x86_64.manylinux_2_17_x86_64.manylinux_2_28_x86_64.whl", hash = "sha256:02ebe88a2262cd06c40f66931fc482dffaad0840c1f01ef4e936eacf06fe9685"},
    {file = "black-26.10.0-cp311-cp311-win_amd64.whl", hash = "sha256:48b0d461ffcbbbbbb79d6a8ccb6ac16cb065621097d24cec43057ee2d25e5c58"},
    {file = "black-26.10.0-cp311-cp311-win_arm64.whl", hash = "sha256:0a74b4fd8f67ce75628686506c0faefdbbb4b8c9931721490bdef9298009c625"},
    {file = "black-26.10.0-cp312-cp312-macosx_10_13_x86_64.whl", hash = "sha256:6b1e1eb80bf189408e96bdeaa3befdb2bdf04932adba164d1381f6a8efe12fa9"},
    {file = "black-26.10.0-cp312-cp312-macosx_11_0_arm64.whl", hash = "sha256:fe0aa3c70ed74ae3cbd994b49c2f8a68df00ee8c2a2dc67b9bb796b4caf23387"},
    {file = "black-26.10.0-cp312-cp312-manylinux2014_x86_64.manylinux_2_17_x86_64.manylinux_2_28_x86_64.whl", hash = "sha256:5d75e2a73baed5fbb7914c09bdfee330f599163591494c7f93d85b8deeaf72de"},
    {file = "black-26.10.0-cp312-cp312-win_amd64.whl", hash = "sha256:fdc0d5b766c20c88d9583f9231d6f41ab05ad9b94266b33a1401ec046d77aeae"},
    {file = "black-26.10.0-cp312-cp312-win_arm64.whl", hash = "sha256:9aaf3104612ad99241ff26dd9e136979cd93450a41b471a411ebb6e926db03e3"},
    {file = "black-26.10.0-cp313-cp313-macosx_10_13_x86_64.whl", hash = "sha256:db0894554f5a95b33874ad7bc6040360f2b126b8d6c9b47d8ddfbd5c6a030618"},
    {file = "black-26.10.0-cp313-cp313-macosx_11_0_arm64.whl", hash = "sha256:69e5bf5e22660dba002e102e43a2dce1924b098781c9665bffa1ffd2d490ebc5"},
    {file = "black-26.10.0-cp313-cp313-manylinux2014_x86_64.manylinux_2_17_x86_64.manylinux_2_28_x86_64.whl", hash = "sha256:87fd0c6c769c650439e7107742f0d6493bfb117fab95d97ef1eb2381d1713258"},
    {file = "black-26.10.0-cp313-cp313-win_amd64.whl", hash = "sha256:7ced1df50785931b06d5ee7264cdcd246fab0cacd83c8dc7f1b2774d85d23e05"},
    {file = "black-26.10.0-cp313-cp313-win_arm64.whl", hash = "sha256:45889344b08ceb9c23733ec48873872d19e2ed3d1d64b3aee6c07745bf44d4a9"},
    {file = "black-26.10.0-cp314-cp314-macosx_10_15_x86_64.whl", hash = "sha256:3ae1b87103e33f1cd7a47a55ad693bf3101d043c75ce8c32209127ea87291de4"},
    {file = "black-26.10.0-cp314-cp314-macosx_11_0_arm64.whl", hash = "sha256:c3e770b27a848b23ca90783dcce243a72035566322fdee7b7080aed2f1066692"},
    {file = "black-26.10.0-cp314-cp314-manylinux2014_x86_64.manylinux_2_17_x86_64.manylinux_2_28_x86_64.whl", hash = "sha256:3584c121fc57d08e0f73510df1d206f2c0c8858d3c82fc0664af7647ee8d1b3f"},
    {file = "black-26.10.0-cp314-cp314-win_amd64.whl", hash = "sha256:c5e1e899bcc049203b1c3514dfbae8410f9ed7b650f2d4c9907064e94401cdc2"},
    {file = "black-26.10.0-cp314-cp314-win_arm64.whl", hash = "sha256:5e71cf23717ca67ba4ff2d0250f3603aa38dcdb3e9c66ed39983b71a2c2ea4ac"},
    {file = "black-26.10.0-py3-none-any.whl", hash = "sha256:b532e40012f21a8a0e8c5996ea8f5f8413dc89793361aa9e2f451826d0ebd711"},
    {file = "black-26.10.0.tar.gz", hash = "sha256:b3476ce71b494fc6e39d77e75488e8339a87583029bbf608416e955c83582bd6"},
]

[package.dependencies]
click = ">=8.0.0"
mypy-extensions = ">=0.4.3"
packaging = ">=22.0"
pathspec = ">=1.0.0"
platformdirs = ">=2"
pytokens = ">=0.4.0,<0.5.0"

[package.extras]
colorama = ["colorama (>=0.4.3)"]
d = ["aiohttp (>=3.10)"]
jupyter = ["ipython (>=7.8.0)", "tokenize-rt (>=3.2.0)"]
uvloop = ["uvloop (>=0.15.2) ; sys_platform != \"win32\"", "winloop (>=0.5.0) ; sys_platform == \"win32\""]

[[package]]
name = "click"
version = "8.4.1"
description = "Composable command line interface toolkit"
optional = false
python-versions = ">=3.10"
groups = ["main", "dev"]
files = [
    {file = "click-8.4.1-py3-none-any.whl", hash = "sha256:482be17c6991b8c19c5429a1e995d9b0efdbb63172824c41f99965dc0ade8ec2"},
    {file = "click-8.4.1.tar.gz", hash = "sha256:918b5633eddf6b41c32d4f454bf0de810065c74e3f7dbf8ee5452f8be88d3e96"},
]

[package.dependencies]
colorama = {version = "*", markers = "platform_system == \"Windows\""}

[[package]]
name = "colorama"
version = "0.4.6"
description = "Cross-platform colored terminal text."
optional = false
python-versions = "!=3.0.*,!=3.1.*,!=3.2.*,!=3.3.*,!=3.4.*,!=3.5.*,!=3.6.*,>=2.7"
groups = ["main", "dev"]
files = [
    {file = "colorama-0.4.6-py2.py3-none-any.whl", hash = "sha256:4f1d9991f5acc0ca119f9d443620b77f9d6b33703e51011c16baf57afb285fc6"},
    {file = "colorama-0.4.6.tar.gz", hash = "sha256:08695f5cb7ed6e0531a20572697297273c47b8cae5a63ffc6d6ed5c201be6e44"},
]
markers = {main = "platform_system == \"Windows\"", dev = "platform_system == \"Windows\" or sys_platform == \"win32\""}

[[package]]
name = "dill"
version = "0.4.1"
description = "serialize all of Python"
optional = false
python-versions = ">=3.9"
groups = ["dev"]
files = [
    {file = "dill-0.4.1-py3-none-any.whl", hash = "sha256:1e1ce33e978ae97fcfcff5638477032b801c46c7c65cf717f95fbc2248f79a9d"},
    {file = "dill-0.4.1.tar.gz", hash = "sha256:423092df4182177d4d8ba8290c8a5b640c66ab35ec7da59ccfa00f6fa3eea5fa"},
]

[package.extras]
graph = ["objgraph (>=1.7.2)"]
profile = ["gprof2dot (>=2022.7.29)"]

[[package]]
name = "iniconfig"
version = "2.3.0"
description = "brain-dead simple config-ini parsing"
optional = false
python-versions = ">=3.10"
groups = ["dev"]
files = [
    {file = "iniconfig-2.3.0-py3-none-any.whl", hash = "sha256:f631c04d2c48c52b84d0d0549c99ff3859c98df65b3101406327ecc7d53fbf12"},
    {file = "iniconfig-2.3.0.tar.gz", hash = "sha256:c76315c77db068650d49c5b56314774a7804df16fee4402c1f19d6d15d8c4730"},
]

[[package]]
name = "isort"
version = "6.1.0"
description = "A Python utility / library to sort Python imports."
optional = false
python-versions = ">=3.9.0"
groups = ["dev"]
files = [
    {file = "isort-6.1.0-py3-none-any.whl", hash = "sha256:58d8927ecce74e5087aef019f778d4081a3b6c98f15a80ba35782ca8a2097784"},
    {file = "isort-6.1.0.tar.gz", hash = "sha256:9b8f96a14cfee0677e78e941ff62f03769a06d412aabb9e2a90487b3b7e8d481"},
]

[package.extras]
colors = ["colorama"]
plugins = ["setuptools"]

[[package]]
name = "linkify-it-py"
version = "2.1.0"
description = "Links recognition library with FULL unicode support."
optional = false
python-versions = ">=3.10"
groups = ["main"]
files = [
    {file = "linkify_it_py-2.1.0-py3-none-any.whl", hash = "sha256:0d252c1594ecba2ecedc444053db5d3a9b7ec1b0dd929c8f1d74dce89f86c05e"},
    {file = "linkify_it_py-2.1.0.tar.gz", hash = "sha256:43360231720999c10e9328dc3691160e27a718e280673d444c38d7d3aaa3b98b"},
]

[package.dependencies]
uc-micro-py = "*"

[package.extras]
benchmark = ["pytest", "pytest-benchmark"]
dev = ["black", "flake8", "isort", "pre-commit", "pyproject-flake8"]
doc = ["myst-parser", "sphinx", "sphinx_book_theme"]
test = ["coverage", "pytest", "pytest-cov"]

[[package]]
name = "markdown-it-py"
version = "4.2.0"
description = "Python port of markdown-it. Markdown parsing, done right!"
optional = false
python-versions = ">=3.10"
groups = ["main"]
files = [
    {file = "markdown_it_py-4.2.0-py3-none-any.whl", hash = "sha256:9f7ebbcd14fe59494226453aed97c1070d83f8d24b6fc3a3bcf9a38092641c4a"},
    {file = "markdown_it_py-4.2.0.tar.gz", hash = "sha256:04a21681d6fbb623de53f6f364d352309d4094dd4194040a10fd51833e418d49"},
]

[package.dependencies]
linkify-it-py = {version = ">=1,<3", optional = true, markers = "extra == \"linkify\""}
mdurl = ">=0.1,<1.0"

[package.extras]
benchmarking = ["psutil", "pytest", "pytest-benchmark"]
compare = ["commonmark (>=0.9,<1.0)", "markdown (>=3.4,<4.0)", "markdown-it-pyrs", "mistletoe (>=1.0,<2.0)", "mistune (>=3.0,<4.0)", "panflute (>=2.3,<3.0)"]
linkify = ["linkify-it-py (>=1,<3)"]
plugins = ["mdit-py-plugins (>=0.5.0)"]
profiling = ["gprof2dot"]
rtd = ["ipykernel", "jupyter_sphinx", "mdit-py-plugins (>=0.5.0)", "myst-parser", "pyyaml", "sphinx", "sphinx-book-theme (>=1.0,<2.0)", "sphinx-copybutton", "sphinx-design"]
testing = ["coverage", "pytest", "pytest-cov", "pytest-regressions", "pytest-timeout", "requests"]

[[package]]
name = "mccabe"
version = "0.7.0"
description = "McCabe checker, plugin for flake8"
optional = false
python-versions = ">=3.6"
groups = ["dev"]
files = [
    {file = "mccabe-0.7.0-py2.py3-none-any.whl", hash = "sha256:6c2d30ab6be0e4a46919781807b4f0d834ebdd6c6e3dca0bda5a15f863427b6e"},
    {file = "mccabe-0.7.0.tar.gz", hash = "sha256:348e0240c33b60bbdf4e523192ef919f28cb2c3d7d5c7794f74009290f236325"},
]

[[package]]
name = "mdit-py-plugins"
version = "0.6.1"
description = "Collection of plugins for markdown-it-py"
optional = false
python-versions = ">=3.10"
groups = ["main"]
files = [
    {file = "mdit_py_plugins-0.6.1-py3-none-any.whl", hash = "sha256:214c82fb2ac524472ab6a5bcab1de80f73b50443e187f401bfd77efbc7c6481d"},
    {file = "mdit_py_plugins-0.6.1.tar.gz", hash = "sha256:a2bca0f039f39dbd35fb74ae1b5f998608c437463371f0ff7f49a19a17a114d0"},
]

[package.dependencies]
markdown-it-py = ">=2.0.0,<5.0.0"

[package.extras]
code-style = ["pre-commit"]
rtd = ["myst-parser", "sphinx-book-theme"]
testing = ["coverage", "pytest", "pytest-cov", "pytest-regressions", "pytest-timeout"]

[[package]]
name = "mdurl"
version = "0.1.2"
description = "Markdown URL utilities"
optional = false
python-versions = ">=3.7"
groups = ["main"]
files = [
    {file = "mdurl-0.1.2-py3-none-any.whl", hash = "sha256:84008a41e51615a49fc9966191ff91509e3c40b939176e643fd50a5c2196b8f8"},
    {file = "mdurl-0.1.2.tar.gz", hash = "sha256:bb413d29f5eea38f31dd4754dd7377d4465116fb207585f97bf925588687c1ba"},
]

[[package]]
name = "mypy-extensions"
version = "1.1.0"
description = "Type system extensions for programs checked with the mypy type checker."
optional = false
python-versions = ">=3.8"
groups = ["dev"]
files = [
    {file = "mypy_extensions-1.1.0-py3-none-any.whl", hash = "sha256:1be4cccdb0f2482337c4743e60421de3a356cd97508abadd57d47403e94f5505"},
    {file = "mypy_extensions-1.1.0.tar.gz", hash = "sha256:52e68efc3284861e772bbcd66823fde5ae21fd2fdb51c62a211403730b916558"},
]

[[package]]
name = "packaging"
version = "26.2"
description = "Core utilities for Python packages"
optional = false
python-versions = ">=3.8"
groups = ["dev"]
files = [
    {file = "packaging-26.2-py3-none-any.whl", hash = "sha256:5fc45236b9446107ff2415ce77c807cee2862cb6fac22b8a73826d0693b0980e"},
    {file = "packaging-26.2.tar.gz", hash = "sha256:ff452ff5a3e828ce110190feff1178bb1f2ea2281fa2075aadb987c2fb221661"},
]

[[package]]
name = "pathspec"
version = "1.1.1"
description = "Utility library for gitignore style pattern matching of file paths."
optional = false
python-versions = ">=3.9"
groups = ["dev"]
files = [
    {file = "pathspec-1.1.1-py3-none-any.whl", hash = "sha256:a00ce642f577bf7f473932318056212bc4f8bfdf53128c78bbd5af0b9b20b189"},
    {file = "pathspec-1.1.1.tar.gz", hash = "sha256:17db5ecd524104a120e173814c90367a96a98d07c45b2e10c2f3919fff91bf5a"},
]

[package.extras]
hyperscan = ["hyperscan (>=0.7)"]
optional = ["typing-extensions (>=4)"]
re2 = ["google-re2 (>=1.1)"]

[[package]]
name = "platformdirs"
version = "4.10.0"
description = "A small Python package for determining appropriate platform-specific dirs, e.g. a `user data dir`."
optional = false
python-versions = ">=3.10"
groups = ["main", "dev"]
files = [
    {file = "platformdirs-4.10.0-py3-none-any.whl", hash = "sha256:fb516cdb12eb0d857d0cd85a7c57cea4d060bee4578d6cf5a14dfdf8cbf8784a"},
    {file = "platformdirs-4.10.0.tar.gz", hash = "sha256:31e761a6a0ca04faf7353ea759bdba55652be214725111e5aac52dfa29d4bef7"},
]

[[package]]
name = "pluggy"
version = "1.6.0"
description = "plugin and hook calling mechanisms for python"
optional = false
python-versions = ">=3.9"
groups = ["dev"]
files = [
    {file = "pluggy-1.6.0-py3-none-any.whl", hash = "sha256:e920276dd6813095e9377c0bc5566d94c932c33b27a3e3945d8389c374dd4746"},
    {file = "pluggy-1.6.0.tar.gz", hash = "sha256:7dcc130b76258d33b90f61b658791dede3486c3e6bfb003ee5c9bfb396dd22f3"},
]

[package.extras]
dev = ["pre-commit", "tox"]
testing = ["coverage", "pytest", "pytest-benchmark"]

[[package]]
name = "ptyprocess"
version = "0.7.0"
description = "Run a subprocess in a pseudo terminal"
optional = false
python-versions = "*"
groups = ["main"]
markers = "sys_platform != \"win32\""
files = [
    {file = "ptyprocess-0.7.0-py2.py3-none-any.whl", hash = "sha256:4b41f3967fce3af57cc7e94b888626c18bf37a083e3651ca8feeb66d492fef35"},
    {file = "ptyprocess-0.7.0.tar.gz", hash = "sha256:5c5d0a3b48ceee0b48485e0c26037c0acd7d29765ca3fbb5cb3831d347423220"},
]

[[package]]
name = "pygments"
version = "2.20.0"
description = "Pygments is a syntax highlighting package written in Python."
optional = false
python-versions = ">=3.9"
groups = ["main", "dev"]
files = [
    {file = "pygments-2.20.0-py3-none-any.whl", hash = "sha256:81a9e26dd42fd28a23a2d169d86d7ac03b46e2f8b59ed4698fb4785f946d0176"},
    {file = "pygments-2.20.0.tar.gz", hash = "sha256:6757cd03768053ff99f3039c1a36d6c0aa0b263438fcab17520b30a303a82b5f"},
]

[package.extras]
windows-terminal = ["colorama (>=0.4.6)"]

[[package]]
name = "pylint"
version = "4.1.2"
description = "python code static checker"
optional = false
python-versions = ">=3.10.0"
groups = ["dev"]
files = [
    {file = "pylint-4.1.2-py3-none-any.whl", hash = "sha256:e34c8636edc7d60a2eaadca4ad6c18a49e202361987a26e81b2a17fa92be28e1"},
    {file = "pylint-4.1.2.tar.gz", hash = "sha256:235f13dc418c0041c649b42a5c35c99f2ffc6ca8b6a7574958eac5335906a68a"},
]

[package.dependencies]
astroid = ">=4.3.3,<=4.4"
colorama = {version = ">=0.4.5", markers = "sys_platform == \"win32\""}
dill = [
    {version = ">=0.3.6", markers = "python_version == \"3.11\""},
    {version = ">=0.3.7", markers = "python_version >= \"3.12\""},
]
isort = ">=5,!=5.13,<10"
mccabe = ">=0.6,<0.8"
platformdirs = ">=2.2"
tomlkit = ">=0.10.1"

[package.extras]
spelling = ["pyenchant (>=3.2,<4.0)"]
testutils = ["gitpython (>3)"]

[[package]]
name = "pyte"
version = "0.8.2"
description = "Simple VTXXX-compatible terminal emulator."
optional = false
python-versions = ">=3.8"
groups = ["main"]
files = [
    {file = "pyte-0.8.2-py3-none-any.whl", hash = "sha256:85db42a35798a5aafa96ac4d8da78b090b2c933248819157fc0e6f78876a0135"},
    {file = "pyte-0.8.2.tar.gz", hash = "sha256:5af970e843fa96a97149d64e170c984721f20e52227a2f57f0a54207f08f083f"},
]

[package.dependencies]
wcwidth = "*"

[[package]]
name = "pytest"
version = "9.0.3"
description = "pytest: simple powerful testing with Python"
optional = false
python-versions = ">=3.10"
groups = ["dev"]
files = [
    {file = "pytest-9.0.3-py3-none-any.whl", hash = "sha256:2c5efc453d45394fdd706ade797c0a81091eccd1d6e4bccfcd476e2b8e0ab5d9"},
    {file = "pytest-9.0.3.tar.gz", hash = "sha256:b86ada508af81d19edeb213c681b1d48246c1a91d304c6c81a427674c17eb91c"},
]

[package.dependencies]
colorama = {version = ">=0.4", markers = "sys_platform == \"win32\""}
iniconfig = ">=1.0.1"
packaging = ">=22"
pluggy = ">=1.5,<2"
pygments = ">=2.7.2"

[package.extras]
dev = ["argcomplete", "attrs (>=19.2)", "hypothesis (>=3.56)", "mock", "requests", "setuptools", "xmlschema"]

[[package]]
name = "pytokens"
version = "0.4.1"
description = "A Fast, spec compliant Python 3.14+ tokenizer that runs on older Pythons."
optional = false
python-versions = ">=3.8"
groups = ["dev"]
files = [
    {file = "pytokens-0.4.1-cp310-cp310-macosx_11_0_arm64.whl", hash = "sha256:2a44ed93ea23415c54f3face3b65ef2b844d96aeb3455b8a69b3df6beab6acc5"},
    {file = "pytokens-0.4.1-cp310-cp310-manylinux2014_aarch64.manylinux_2_17_aarch64.manylinux_2_28_aarch64.whl", hash = "sha256:add8bf86b71a5d9fb5b89f023a80b791e04fba57960aa790cc6125f7f1d39dfe"},
    {file = "pytokens-0.4.1-cp310-cp310-manylinux2014_x86_64.manylinux_2_17_x86_64.manylinux_2_28_x86_64.whl", hash = "sha256:670d286910b531c7b7e3c0b453fd8156f250adb140146d234a82219459b9640c"},
    {file = "pytokens-0.4.1-cp310-cp310-musllinux_1_2_x86_64.whl", hash = "sha256:4e691d7f5186bd2842c14813f79f8884bb03f5995f0575272009982c5ac6c0f7"},
    {file = "pytokens-0.4.1-cp310-cp310-win_amd64.whl", hash = "sha256:27b83ad28825978742beef057bfe406ad6ed524b2d28c252c5de7b4a6dd48fa2"},
    {file = "pytokens-0.4.1-cp311-cp311-macosx_11_0_arm64.whl", hash = "sha256:d70e77c55ae8380c91c0c18dea05951482e263982911fc7410b1ffd1dadd3440"},
    {file = "pytokens-0.4.1-cp311-cp311-manylinux2014_aarch64.manylinux_2_17_aarch64.manylinux_2_28_aarch64.whl", hash = "sha256:4a58d057208cb9075c144950d789511220b07636dd2e4708d5645d24de666bdc"},
    {file = "pytokens-0.4.1-cp311-cp311-manylinux2014_x86_64.manylinux_2_17_x86_64.manylinux_2_28_x86_64.whl", hash = "sha256:b49750419d300e2b5a3813cf229d4e5a4c728dae470bcc89867a9ad6f25a722d"},
    {file = "pytokens-0.4.1-cp311-cp311-musllinux_1_2_x86_64.whl", hash = "sha256:d9907d61f15bf7261d7e775bd5d7ee4d2930e04424bab1972591918497623a16"},
    {file = "pytokens-0.4.1-cp311-cp311-win_amd64.whl", hash = "sha256:ee44d0f85b803321710f9239f335aafe16553b39106384cef8e6de40cb4ef2f6"},
    {file = "pytokens-0.4.1-cp312-cp312-macosx_11_0_arm64.whl", hash = "sha256:140709331e846b728475786df8aeb27d24f48cbcf7bcd449f8de75cae7a45083"},
    {file = "pytokens-0.4.1-cp312-cp312-manylinux2014_aarch64.manylinux_2_17_aarch64.manylinux_2_28_aarch64.whl", hash = "sha256:6d6c4268598f762bc8e91f5dbf2ab2f61f7b95bdc07953b602db879b3c8c18e1"},
    {file = "pytokens-0.4.1-cp312-cp312-manylinux2014_x86_64.manylinux_2_17_x86_64.manylinux_2_28_x86_64.whl", hash = "sha256:24afde1f53d95348b5a0eb19488661147285ca4dd7ed752bbc3e1c6242a304d1"},
    {file = "pytokens-0.4.1-cp312-cp312-musllinux_1_2_x86_64.whl", hash = "sha256:5ad948d085ed6c16413eb5fec6b3e02fa00dc29a2534f088d3302c47eb59adf9"},
    {file = "pytokens-0.4.1-cp312-cp312-win_amd64.whl", hash = "sha256:3f901fe783e06e48e8cbdc82d631fca8f118333798193e026a50ce1b3757ea68"},
    {file = "pytokens-0.4.1-cp313-cp313-macosx_11_0_arm64.whl", hash = "sha256:8bdb9d0ce90cbf99c525e75a2fa415144fd570a1ba987380190e8b786bc6ef9b"},
    {file = "pytokens-0.4.1-cp313-cp313-manylinux2014_aarch64.manylinux_2_17_aarch64.manylinux_2_28_aarch64.whl", hash = "sha256:5502408cab1cb18e128570f8d598981c68a50d0cbd7c61312a90507cd3a1276f"},
    {file = "pytokens-0.4.1-cp313-cp313-manylinux2014_x86_64.manylinux_2_17_x86_64.manylinux_2_28_x86_64.whl", hash = "sha256:29d1d8fb1030af4d231789959f21821ab6325e463f0503a61d204343c9b355d1"},
    {file = "pytokens-0.4.1-cp313-cp313-musllinux_1_2_x86_64.whl", hash = "sha256:970b08dd6b86058b6dc07efe9e98414f5102974716232d10f32ff39701e841c4"},
    {file = "pytokens-0.4.1-cp313-cp313-win_amd64.whl", hash = "sha256:9bd7d7f544d362576be74f9d5901a22f317efc20046efe2034dced238cbbfe78"},
    {file = "pytokens-0.4.1-cp314-cp314-macosx_11_0_arm64.whl", hash = "sha256:4a14d5f5fc78ce85e426aa159489e2d5961acf0e47575e08f35584009178e321"},
    {file = "pytokens-0.4.1-cp314-cp314-manylinux2014_aarch64.manylinux_2_17_aarch64.manylinux_2_28_aarch64.whl", hash = "sha256:97f50fd18543be72da51dd505e2ed20d2228c74e0464e4262e4899797803d7fa"},
    {file = "pytokens-0.4.1-cp314-cp314-manylinux2014_x86_64.manylinux_2_17_x86_64.manylinux_2_28_x86_64.whl", hash = "sha256:dc74c035f9bfca0255c1af77ddd2d6ae8419012805453e4b0e7513e17904545d"},
    {file = "pytokens-0.4.1-cp314-cp314-musllinux_1_2_x86_64.whl", hash = "sha256:f66a6bbe741bd431f6d741e617e0f39ec7257ca1f89089593479347cc4d13324"},
    {file = "pytokens-0.4.1-cp314-cp314-win_amd64.whl", hash = "sha256:b35d7e5ad269804f6697727702da3c517bb8a5228afa450ab0fa787732055fc9"},
    {file = "pytokens-0.4.1-cp314-cp314t-macosx_11_0_arm64.whl", hash = "sha256:8fcb9ba3709ff77e77f1c7022ff11d13553f3c30299a9fe246a166903e9091eb"},
    {file = "pytokens-0.4.1-cp314-cp314t-manylinux2014_aarch64.manylinux_2_17_aarch64.manylinux_2_28_aarch64.whl", hash = "sha256:79fc6b8699564e1f9b521582c35435f1bd32dd06822322ec44afdeba666d8cb3"},
    {file = "pytokens-0.4.1-cp314-cp314t-manylinux2014_x86_64.manylinux_2_17_x86_64.manylinux_2_28_x86_64.whl", hash = "sha256:d31b97b3de0f61571a124a00ffe9a81fb9939146c122c11060725bd5aea79975"},
    {file = "pytokens-0.4.1-cp314-cp314t-musllinux_1_2_x86_64.whl", hash = "sha256:967cf6e3fd4adf7de8fc73cd3043754ae79c36475c1c11d514fc72cf5490094a"},
    {file = "pytokens-0.4.1-cp314-cp314t-win_amd64.whl", hash = "sha256:584c80c24b078eec1e227079d56dc22ff755e0ba8654d8383b2c549107528918"},
    {file = "pytokens-0.4.1-cp38-cp38-macosx_11_0_arm64.whl", hash = "sha256:da5baeaf7116dced9c6bb76dc31ba04a2dc3695f3d9f74741d7910122b456edc"},
    {file = "pytokens-0.4.1-cp38-cp38-manylinux2014_aarch64.manylinux_2_17_aarch64.manylinux_2_28_aarch64.whl", hash = "sha256:11edda0942da80ff58c4408407616a310adecae1ddd22eef8c692fe266fa5009"},
    {file = "pytokens-0.4.1-cp38-cp38-manylinux2014_x86_64.manylinux_2_17_x86_64.manylinux_2_28_x86_64.whl", hash = "sha256:0fc71786e629cef478cbf29d7ea1923299181d0699dbe7c3c0f4a583811d9fc1"},
    {file = "pytokens-0.4.1-cp38-cp38-musllinux_1_2_x86_64.whl", hash = "sha256:dcafc12c30dbaf1e2af0490978352e0c4041a7cde31f4f81435c2a5e8b9cabb6"},
    {file = "pytokens-0.4.1-cp38-cp38-win_amd64.whl", hash = "sha256:42f144f3aafa5d92bad964d471a581651e28b24434d184871bd02e3a0d956037"},
    {file = "pytokens-0.4.1-cp39-cp39-macosx_11_0_arm64.whl", hash = "sha256:34bcc734bd2f2d5fe3b34e7b3c0116bfb2397f2d9666139988e7a3eb5f7400e3"},
    {file = "pytokens-0.4.1-cp39-cp39-manylinux2014_aarch64.manylinux_2_17_aarch64.manylinux_2_28_aarch64.whl", hash = "sha256:941d4343bf27b605e9213b26bfa1c4bf197c9c599a9627eb7305b0defcfe40c1"},
    {file = "pytokens-0.4.1-cp39-cp39-manylinux2014_x86_64.manylinux_2_17_x86_64.manylinux_2_28_x86_64.whl", hash = "sha256:3ad72b851e781478366288743198101e5eb34a414f1d5627cdd585ca3b25f1db"},
    {file = "pytokens-0.4.1-cp39-cp39-musllinux_1_2_x86_64.whl", hash = "sha256:682fa37ff4d8e95f7df6fe6fe6a431e8ed8e788023c6bcc0f0880a12eab80ad1"},
    {file = "pytokens-0.4.1-cp39-cp39-win_amd64.whl", hash = "sha256:30f51edd9bb7f85c748979384165601d028b84f7bd13fe14d3e065304093916a"},
    {file = "pytokens-0.4.1-py3-none-any.whl", hash = "sha256:26cef14744a8385f35d0e095dc8b3a7583f6c953c2e3d269c7f82484bf5ad2de"},
    {file = "pytokens-0.4.1.tar.gz", hash = "sha256:292052fe80923aae2260c073f822ceba21f3872ced9a68bb7953b348e561179a"},
]

[package.extras]
dev = ["black", "build", "mypy", "pytest", "pytest-cov", "setuptools", "tox", "twine", "wheel"]

[[package]]
name = "pywinpty"
version = "3.0.5"
description = "Pseudo terminal support for Windows from Python."
optional = false
python-versions = ">=3.10"
groups = ["main"]
markers = "sys_platform == \"win32\""
files = [
    {file = "pywinpty-3.0.5-cp310-cp310-win_amd64.whl", hash = "sha256:b467dcad72365bc2205ed8b6e694e817d71de269d46e56cfe267dfa9d3d30e1b"},
    {file = "pywinpty-3.0.5-cp310-cp310-win_arm64.whl", hash = "sha256:7dc4046ea8e4d7f0a16dae8dfcaeeda6df7ca3a9330444d2ba5bb96138fe0a91"},
    {file = "pywinpty-3.0.5-cp311-cp311-win_amd64.whl", hash = "sha256:af7a8720c78776ddd6259b71dd567944f766a6cd67f8d2887fbc4973967bacda"},
    {file = "pywinpty-3.0.5-cp311-cp311-win_arm64.whl", hash = "sha256:c2406f54f699eab75953fb75ce805f2ae55a33a957cd070890abd454fb4b7680"},
    {file = "pywinpty-3.0.5-cp312-cp312-win_amd64.whl", hash = "sha256:d62946adf14b15b54c0b8d785f93fe18b04da23f4ad59e2e8c4612646e9abd23"},
    {file = "pywinpty-3.0.5-cp312-cp312-win_arm64.whl", hash = "sha256:e9391c05fbfa7a992a97e831fc6849887b4014a614192e3d984a7ca59592b376"},
    {file = "pywinpty-3.0.5-cp313-cp313-win_amd64.whl", hash = "sha256:48db1b0ad9d0a1b81dcaaa7163a99a7808deaceb0c1b2344716dc1fc090c3c4c"},
    {file = "pywinpty-3.0.5-cp313-cp313-win_arm64.whl", hash = "sha256:2c6008fb2d3774b48693b2fcb7f2cc317ade9dc581289a964ffeeaf81307c9b5"},
    {file = "pywinpty-3.0.5-cp313-cp313t-win_amd64.whl", hash = "sha256:22ce1b780d89821cc52daf6eac0708af22d93d000ce9c7c07e37489db8594598"},
    {file = "pywinpty-3.0.5-cp313-cp313t-win_arm64.whl", hash = "sha256:9c2919a81bc5cfb09b86fc5a002112b2de95ca4304a07413cbeeb746a1307a5c"},
    {file = "pywinpty-3.0.5-cp314-cp314-win_amd64.whl", hash = "sha256:03bb3c16d691d9242267201830bcd0e64a9b663170e9042bc84b210da9de15ac"},
    {file = "pywinpty-3.0.5-cp314-cp314-win_arm64.whl", hash = "sha256:89c5c6ef08997a3b4b277b214a35fe15cab4dd6d119f0140aa71df5b1168fdbc"},
    {file = "pywinpty-3.0.5-cp314-cp314t-win_amd64.whl", hash = "sha256:7b566165e0c5fdd6abe167a5ac8b954be6a843eb55a85946576d6bc1dea03d6d"},
    {file = "pywinpty-3.0.5-cp314-cp314t-win_arm64.whl", hash = "sha256:24366280a8aa677323da87bec729cb3ea3b35367386cece0978bdc6e4695c690"},
    {file = "pywinpty-3.0.5.tar.gz", hash = "sha256:61db0db063de9865adbea66db294628f8577f608d9764a4c7d3384eeacc4e81b"},
]

[[package]]
name = "pyyaml"
version = "6.0.3"
description = "YAML parser and emitter for Python"
optional = false
python-versions = ">=3.8"
groups = ["main"]
files = [
    {file = "PyYAML-6.0.3-cp38-cp38-macosx_10_13_x86_64.whl", hash = "sha256:c2514fceb77bc5e7a2f7adfaa1feb2fb311607c9cb518dbc378688ec73d8292f"},
    {file = "PyYAML-6.0.3-cp38-cp38-manylinux2014_aarch64.manylinux_2_17_aarch64.manylinux_2_28_aarch64.whl", hash = "sha256:9c57bb8c96f6d1808c030b1687b9b5fb476abaa47f0db9c0101f5e9f394e97f4"},
    {file = "PyYAML-6.0.3-cp38-cp38-manylinux2014_s390x.manylinux_2_17_s390x.manylinux_2_28_s390x.whl", hash = "sha256:efd7b85f94a6f21e4932043973a7ba2613b059c4a000551892ac9f1d11f5baf3"},
    {file = "PyYAML-6.0.3-cp38-cp38-manylinux2014_x86_64.manylinux_2_17_x86_64.manylinux_2_28_x86_64.whl", hash = "sha256:22ba7cfcad58ef3ecddc7ed1db3409af68d023b7f940da23c6c2a1890976eda6"},
    {file = "PyYAML-6.0.3-cp38-cp38-musllinux_1_2_x86_64.whl", hash = "sha256:6344df0d5755a2c9a276d4473ae6b90647e216ab4757f8426893b5dd2ac3f369"},
    {file = "PyYAML-6.0.3-cp38-cp38-win32.whl", hash = "sha256:3ff07ec89bae51176c0549bc4c63aa6202991da2d9a6129d7aef7f1407d3f295"},
    {file = "PyYAML-6.0.3-cp38-cp38-win_amd64.whl", hash = "sha256:5cf4e27da7e3fbed4d6c3d8e797387aaad68102272f8f9752883bc32d61cb87b"},
    {file = "pyyaml-6.0.3-cp310-cp310-macosx_10_13_x86_64.whl", hash = "sha256:214ed4befebe12df36bcc8bc2b64b396ca31be9304b8f59e25c11cf94a4c033b"},
    {file = "pyyaml-6.0.3-cp310-cp310-macosx_11_0_arm64.whl", hash = "sha256:02ea2dfa234451bbb8772601d7b8e426c2bfa197136796224e50e35a78777956"},
    {file = "pyyaml-6.0.3-cp310-cp310-manylinux2014_aarch64.manylinux_2_17_aarch64.manylinux_2_28_aarch64.whl", hash = "sha256:b30236e45cf30d2b8e7b3e85881719e98507abed1011bf463a8fa23e9c3e98a8"},
    {file = "pyyaml-6.0.3-cp310-cp310-manylinux2014_s390x.manylinux_2_17_s390x.manylinux_2_28_s390x.whl", hash = "sha256:66291b10affd76d76f54fad28e22e51719ef9ba22b29e1d7d03d6777a9174198"},
    {file = "pyyaml-6.0.3-cp310-cp310-manylinux2014_x86_64.manylinux_2_17_x86_64.manylinux_2_28_x86_64.whl", hash = "sha256:9c7708761fccb9397fe64bbc0395abcae8c4bf7b0eac081e12b809bf47700d0b"},
    {file = "pyyaml-6.0.3-cp310-cp310-musllinux_1_2_aarch64.whl", hash = "sha256:418cf3f2111bc80e0933b2cd8cd04f286338bb88bdc7bc8e6dd775ebde60b5e0"},
    {file = "pyyaml-6.0.3-cp310-cp310-musllinux_1_2_x86_64.whl", hash = "sha256:5e0b74767e5f8c593e8c9b5912019159ed0533c70051e9cce3e8b6aa699fcd69"},
    {file = "pyyaml-6.0.3-cp310-cp310-win32.whl", hash = "sha256:28c8d926f98f432f88adc23edf2e6d4921ac26fb084b028c733d01868d19007e"},
    {file = "pyyaml-6.0.3-cp310-cp310-win_amd64.whl", hash = "sha256:bdb2c67c6c1390b63c6ff89f210c8fd09d9a1217a465701eac7316313c915e4c"},
    {file = "pyyaml-6.0.3-cp311-cp311-macosx_10_13_x86_64.whl", hash = "sha256:44edc647873928551a01e7a563d7452ccdebee747728c1080d881d68af7b997e"},
    {file = "pyyaml-6.0.3-cp311-cp311-macosx_11_0_arm64.whl", hash = "sha256:652cb6edd41e718550aad172851962662ff2681490a8a711af6a4d288dd96824"},
    {file = "pyyaml-6.0.3-cp311-cp311-manylinux2014_aarch64.manylinux_2_17_aarch64.manylinux_2_28_aarch64.whl", hash = "sha256:10892704fc220243f5305762e276552a0395f7beb4dbf9b14ec8fd43b57f126c"},
    {file = "pyyaml-6.0.3-cp311-cp311-manylinux2014_s390x.manylinux_2_17_s390x.manylinux_2_28_s390x.whl", hash = "sha256:850774a7879607d3a6f50d36d04f00ee69e7fc816450e5f7e58d7f17f1ae5c00"},
    {file = "pyyaml-6.0.3-cp311-cp311-manylinux2014_x86_64.manylinux_2_17_x86_64.manylinux_2_28_x86_64.whl", hash = "sha256:b8bb0864c5a28024fac8a632c443c87c5aa6f215c0b126c449ae1a150412f31d"},
    {file = "pyyaml-6.0.3-cp311-cp311-musllinux_1_2_aarch64.whl", hash = "sha256:1d37d57ad971609cf3c53ba6a7e365e40660e3be0e5175fa9f2365a379d6095a"},
    {file = "pyyaml-6.0.3-cp311-cp311-musllinux_1_2_x86_64.whl", hash = "sha256:37503bfbfc9d2c40b344d06b2199cf0e96e97957ab1c1b546fd4f87e53e5d3e4"},
    {file = "pyyaml-6.0.3-cp311-cp311-win32.whl", hash = "sha256:8098f252adfa6c80ab48096053f512f2321f0b998f98150cea9bd23d83e1467b"},
    {file = "pyyaml-6.0.3-cp311-cp311-win_amd64.whl", hash = "sha256:9f3bfb4965eb874431221a3ff3fdcddc7e74e3b07799e0e84ca4a0f867d449bf"},
    {file = "pyyaml-6.0.3-cp312-cp312-macosx_10_13_x86_64.whl", hash = "sha256:7f047e29dcae44602496db43be01ad42fc6f1cc0d8cd6c83d342306c32270196"},
    {file = "pyyaml-6.0.3-cp312-cp312-macosx_11_0_arm64.whl", hash = "sha256:fc09d0aa354569bc501d4e787133afc08552722d3ab34836a80547331bb5d4a0"},
    {file = "pyyaml-6.0.3-cp312-cp312-manylinux2014_aarch64.manylinux_2_17_aarch64.manylinux_2_28_aarch64.whl", hash = "sha256:9149cad251584d5fb4981be1ecde53a1ca46c891a79788c0df828d2f166bda28"},
    {file = "pyyaml-6.0.3-cp312-cp312-manylinux2014_s390x.manylinux_2_17_s390x.manylinux_2_28_s390x.whl", hash = "sha256:5fdec68f91a0c6739b380c83b951e2c72ac0197ace422360e6d5a959d8d97b2c"},
    {file = "pyyaml-6.0.3-cp312-cp312-manylinux2014_x86_64.manylinux_2_17_x86_64.manylinux_2_28_x86_64.whl", hash = "sha256:ba1cc08a7ccde2d2ec775841541641e4548226580ab850948cbfda66a1befcdc"},
    {file = "pyyaml-6.0.3-cp312-cp312-musllinux_1_2_aarch64.whl", hash = "sha256:8dc52c23056b9ddd46818a57b78404882310fb473d63f17b07d5c40421e47f8e"},
    {file = "pyyaml-6.0.3-cp312-cp312-musllinux_1_2_x86_64.whl", hash = "sha256:41715c910c881bc081f1e8872880d3c650acf13dfa8214bad49ed4cede7c34ea"},
    {file = "pyyaml-6.0.3-cp312-cp312-win32.whl", hash = "sha256:96b533f0e99f6579b3d4d4995707cf36df9100d67e0c8303a0c55b27b5f99bc5"},
    {file = "pyyaml-6.0.3-cp312-cp312-win_amd64.whl", hash = "sha256:5fcd34e47f6e0b794d17de1b4ff496c00986e1c83f7ab2fb8fcfe9616ff7477b"},
    {file = "pyyaml-6.0.3-cp312-cp312-win_arm64.whl", hash = "sha256:64386e5e707d03a7e172c0701abfb7e10f0fb753ee1d773128192742712a98fd"},
    {file = "pyyaml-6.0.3-cp313-cp313-macosx_10_13_x86_64.whl", hash = "sha256:8da9669d359f02c0b91ccc01cac4a67f16afec0dac22c2ad09f46bee0697eba8"},
    {file = "pyyaml-6.0.3-cp313-cp313-macosx_11_0_arm64.whl", hash = "sha256:2283a07e2c21a2aa78d9c4442724ec1eb15f5e42a723b99cb3d822d48f5f7ad1"},
    {file = "pyyaml-6.0.3-cp313-cp313-manylinux2014_aarch64.manylinux_2_17_aarch64.manylinux_2_28_aarch64.whl", hash = "sha256:ee2922902c45ae8ccada2c5b501ab86c36525b883eff4255313a253a3160861c"},
    {file = "pyyaml-6.0.3-cp313-cp313-manylinux2014_s390x.manylinux_2_17_s390x.manylinux_2_28_s390x.whl", hash = "sha256:a33284e20b78bd4a18c8c2282d549d10bc8408a2a7ff57653c0cf0b9be0afce5"},
    {file = "pyyaml-6.0.3-cp313-cp313-manylinux2014_x86_64.manylinux_2_17_x86_64.manylinux_2_28_x86_64.whl", hash = "sha256:0f29edc409a6392443abf94b9cf89ce99889a1dd5376d94316ae5145dfedd5d6"},
    {file = "pyyaml-6.0.3-cp313-cp313-musllinux_1_2_aarch64.whl", hash = "sha256:f7057c9a337546edc7973c0d3ba84ddcdf0daa14533c2065749c9075001090e6"},
    {file = "pyyaml-6.0.3-cp313-cp313-musllinux_1_2_x86_64.whl", hash = "sha256:eda16858a3cab07b80edaf74336ece1f986ba330fdb8ee0d6c0d68fe82bc96be"},
    {file = "pyyaml-6.0.3-cp313-cp313-win32.whl", hash = "sha256:d0eae10f8159e8fdad514efdc92d74fd8d682c933a6dd088030f3834bc8e6b26"},
    {file = "pyyaml-6.0.3-cp313-cp313-win_amd64.whl", hash = "sha256:79005a0d97d5ddabfeeea4cf676af11e647e41d81c9a7722a193022accdb6b7c"},
    {file = "pyyaml-6.0.3-cp313-cp313-win_arm64.whl", hash = "sha256:5498cd1645aa724a7c71c8f378eb29ebe23da2fc0d7a08071d89469bf1d2defb"},
    {file = "pyyaml-6.0.3-cp314-cp314-macosx_10_13_x86_64.whl", hash = "sha256:8d1fab6bb153a416f9aeb4b8763bc0f22a5586065f86f7664fc23339fc1c1fac"},
    {file = "pyyaml-6.0.3-cp314-cp314-macosx_11_0_arm64.whl", hash = "sha256:34d5fcd24b8445fadc33f9cf348c1047101756fd760b4dacb5c3e99755703310"},
    {file = "pyyaml-6.0.3-cp314-cp314-manylinux2014_aarch64.manylinux_2_17_aarch64.manylinux_2_28_aarch64.whl", hash = "sha256:501a031947e3a9025ed4405a168e6ef5ae3126c59f90ce0cd6f2bfc477be31b7"},
    {file = "pyyaml-6.0.3-cp314-cp314-manylinux2014_s390x.manylinux_2_17_s390x.manylinux_2_28_s390x.whl", hash = "sha256:b3bc83488de33889877a0f2543ade9f70c67d66d9ebb4ac959502e12de895788"},
    {file = "pyyaml-6.0.3-cp314-cp314-manylinux2014_x86_64.manylinux_2_17_x86_64.manylinux_2_28_x86_64.whl", hash = "sha256:c458b6d084f9b935061bc36216e8a69a7e293a2f1e68bf956dcd9e6cbcd143f5"},
    {file = "pyyaml-6.0.3-cp314-cp314-musllinux_1_2_aarch64.whl", hash = "sha256:7c6610def4f163542a622a73fb39f534f8c101d690126992300bf3207eab9764"},
    {file = "pyyaml-6.0.3-cp314-cp314-musllinux_1_2_x86_64.whl", hash = "sha256:5190d403f121660ce8d1d2c1bb2ef1bd05b5f68533fc5c2ea899bd15f4399b35"},
    {file = "pyyaml-6.0.3-cp314-cp314-win_amd64.whl", hash = "sha256:4a2e8cebe2ff6ab7d1050ecd59c25d4c8bd7e6f400f5f82b96557ac0abafd0ac"},
    {file = "pyyaml-6.0.3-cp314-cp314-win_arm64.whl", hash = "sha256:93dda82c9c22deb0a405ea4dc5f2d0cda384168e466364dec6255b293923b2f3"},
    {file = "pyyaml-6.0.3-cp314-cp314t-macosx_10_13_x86_64.whl", hash = "sha256:02893d100e99e03eda1c8fd5c441d8c60103fd175728e23e431db1b589cf5ab3"},
    {file = "pyyaml-6.0.3-cp314-cp314t-macosx_11_0_arm64.whl", hash = "sha256:c1ff362665ae507275af2853520967820d9124984e0f7466736aea23d8611fba"},
    {file = "pyyaml-6.0.3-cp314-cp314t-manylinux2014_aarch64.manylinux_2_17_aarch64.manylinux_2_28_aarch64.whl", hash = "sha256:6adc77889b628398debc7b65c073bcb99c4a0237b248cacaf3fe8a557563ef6c"},
    {file = "pyyaml-6.0.3-cp314-cp314t-manylinux2014_s390x.manylinux_2_17_s390x.manylinux_2_28_s390x.whl", hash = "sha256:a80cb027f6b349846a3bf6d73b5e95e782175e52f22108cfa17876aaeff93702"},
    {file = "pyyaml-6.0.3-cp314-cp314t-manylinux2014_x86_64.manylinux_2_17_x86_64.manylinux_2_28_x86_64.whl", hash = "sha256:00c4bdeba853cc34e7dd471f16b4114f4162dc03e6b7afcc2128711f0eca823c"},
    {file = "pyyaml-6.0.3-cp314-cp314t-musllinux_1_2_aarch64.whl", hash = "sha256:66e1674c3ef6f541c35191caae2d429b967b99e02040f5ba928632d9a7f0f065"},
    {file = "pyyaml-6.0.3-cp314-cp314t-musllinux_1_2_x86_64.whl", hash = "sha256:16249ee61e95f858e83976573de0f5b2893b3677ba71c9dd36b9cf8be9ac6d65"},
    {file = "pyyaml-6.0.3-cp314-cp314t-win_amd64.whl", hash = "sha256:4ad1906908f2f5ae4e5a8ddfce73c320c2a1429ec52eafd27138b7f1cbe341c9"},
    {file = "pyyaml-6.0.3-cp314-cp314t-win_arm64.whl", hash = "sha256:ebc55a14a21cb14062aa4162f906cd962b28e2e9ea38f9b4391244cd8de4ae0b"},
    {file = "pyyaml-6.0.3-cp39-cp39-macosx_10_13_x86_64.whl", hash = "sha256:b865addae83924361678b652338317d1bd7e79b1f4596f96b96c77a5a34b34da"},
    {file = "pyyaml-6.0.3-cp39-cp39-macosx_11_0_arm64.whl", hash = "sha256:c3355370a2c156cffb25e876646f149d5d68f5e0a3ce86a5084dd0b64a994917"},
    {file = "pyyaml-6.0.3-cp39-cp39-manylinux2014_aarch64.manylinux_2_17_aarch64.manylinux_2_28_aarch64.whl", hash = "sha256:3c5677e12444c15717b902a5798264fa7909e41153cdf9ef7ad571b704a63dd9"},
    {file = "pyyaml-6.0.3-cp39-cp39-manylinux2014_s390x.manylinux_2_17_s390x.manylinux_2_28_s390x.whl", hash = "sha256:5ed875a24292240029e4483f9d4a4b8a1ae08843b9c54f43fcc11e404532a8a5"},
    {file = "pyyaml-6.0.3-cp39-cp39-manylinux2014_x86_64.manylinux_2_17_x86_64.manylinux_2_28_x86_64.whl", hash = "sha256:0150219816b6a1fa26fb4699fb7daa9caf09eb1999f3b70fb6e786805e80375a"},
    {file = "pyyaml-6.0.3-cp39-cp39-musllinux_1_2_aarch64.whl", hash = "sha256:fa160448684b4e94d80416c0fa4aac48967a969efe22931448d853ada8baf926"},
    {file = "pyyaml-6.0.3-cp39-cp39-musllinux_1_2_x86_64.whl", hash = "sha256:27c0abcb4a5dac13684a37f76e701e054692a9b2d3064b70f5e4eb54810553d7"},
    {file = "pyyaml-6.0.3-cp39-cp39-win32.whl", hash = "sha256:1ebe39cb5fc479422b83de611d14e2c0d3bb2a18bbcb01f229ab3cfbd8fee7a0"},
    {file = "pyyaml-6.0.3-cp39-cp39-win_amd64.whl", hash = "sha256:2e71d11abed7344e42a8849600193d15b6def118602c4c176f748e4583246007"},
    {file = "pyyaml-6.0.3.tar.gz", hash = "sha256:d76623373421df22fb4cf8817020cbb7ef15c725b9d5e45f17e189bfc384190f"},
]

[[package]]
name = "rich"
version = "15.0.0"
description = "Render rich text, tables, progress bars, syntax highlighting, markdown and more to the terminal"
optional = false
python-versions = ">=3.9.0"
groups = ["main"]
files = [
    {file = "rich-15.0.0-py3-none-any.whl", hash = "sha256:33bd4ef74232fb73fe9279a257718407f169c09b78a87ad3d296f548e27de0bb"},
    {file = "rich-15.0.0.tar.gz", hash = "sha256:edd07a4824c6b40189fb7ac9bc4c52536e9780fbbfbddf6f1e2502c31b068c36"},
]

[package.dependencies]
markdown-it-py = ">=2.2.0"
pygments = ">=2.13.0,<3.0.0"

[package.extras]
jupyter = ["ipywidgets (>=7.5.1,<9)"]

[[package]]
name = "shellingham"
version = "1.5.4"
description = "Tool to Detect Surrounding Shell"
optional = false
python-versions = ">=3.7"
groups = ["main"]
files = [
    {file = "shellingham-1.5.4-py2.py3-none-any.whl", hash = "sha256:7ecfff8f2fd72616f7481040475a65b2bf8af90a56c89140852d1120324e8686"},
    {file = "shellingham-1.5.4.tar.gz", hash = "sha256:8dbca0739d487e5bd35ab3ca4b36e11c4078f3a234bfce294b0a0291363404de"},
]

[[package]]
name = "textual"
version = "6.12.0"
description = "Modern Text User Interface framework"
optional = false
python-versions = "<4.0,>=3.9"
groups = ["main"]
files = [
    {file = "textual-6.12.0-py3-none-any.whl", hash = "sha256:cf9ea9a54d213c7736efe9fef440c7f49218d4e6ab75279afd060eded9c567ec"},
    {file = "textual-6.12.0.tar.gz", hash = "sha256:a32e8edbf6abdb0c42d486e96bdf419eb3aa378edb1b1271b84637f3dbd64c73"},
]

[package.dependencies]
markdown-it-py = {version = ">=2.1.0", extras = ["linkify"]}
mdit-py-plugins = "*"
platformdirs = ">=3.6.0,<5"
pygments = ">=2.19.2,<3.0.0"
rich = ">=14.2.0"
typing-extensions = ">=4.4.0,<5.0.0"

[package.extras]
syntax = ["tree-sitter (>=0.25.0) ; python_version >= \"3.10\"", "tree-sitter-bash (>=0.23.0) ; python_version >= \"3.10\"", "tree-sitter-css (>=0.23.0) ; python_version >= \"3.10\"", "tree-sitter-go (>=0.23.0) ; python_version >= \"3.10\"", "tree-sitter-html (>=0.23.0) ; python_version >= \"3.10\"", "tree-sitter-java (>=0.23.0) ; python_version >= \"3.10\"", "tree-sitter-javascript (>=0.23.0) ; python_version >= \"3.10\"", "tree-sitter-json (>=0.24.0) ; python_version >= \"3.10\"", "tree-sitter-markdown (>=0.3.0) ; python_version >= \"3.10\"", "tree-sitter-python (>=0.23.0) ; python_version >= \"3.10\"", "tree-sitter-regex (>=0.24.0) ; python_version >= \"3.10\"", "tree-sitter-rust (>=0.23.0) ; python_version >= \"3.10\"", "tree-sitter-sql (>=0.3.11) ; python_version >= \"3.10\"", "tree-sitter-toml (>=0.6.0) ; python_version >= \"3.10\"", "tree-sitter-xml (>=0.7.0) ; python_version >= \"3.10\"", "tree-sitter-yaml (>=0.6.0) ; python_version >= \"3.10\""]

[[package]]
name = "tomlkit"
version = "0.15.1"
description = "Style preserving TOML library"
optional = false
python-versions = ">=3.9"
groups = ["dev"]
files = [
    {file = "tomlkit-0.15.1-py3-none-any.whl", hash = "sha256:177a05aece5a8ca5266fd3c448abb47b8d352f09d477d3ca8332db4d89b24304"},
    {file = "tomlkit-0.15.1.tar.gz", hash = "sha256:e25bbf38843005246210a12982776f27f99cb9be67160e14434d0c0d21ee1e97"},
]

[[package]]
name = "typer"
version = "0.20.1"
description = "Typer, build great CLIs. Easy to code. Based on Python type hints."
optional = false
python-versions = ">=3.8"
groups = ["main"]
files = [
    {file = "typer-0.20.1-py3-none-any.whl", hash = "sha256:4b3bde918a67c8e03d861aa02deca90a95bbac572e71b1b9be56ff49affdb5a8"},
    {file = "typer-0.20.1.tar.gz", hash = "sha256:68585eb1b01203689c4199bc440d6be616f0851e9f0eb41e4a778845c5a0fd5b"},
]

[package.dependencies]
click = ">=8.0.0"
rich = ">=10.11.0"
shellingham = ">=1.3.0"
typing-extensions = ">=3.7.4.3"

[[package]]
name = "typing-extensions"
version = "4.15.0"
description = "Backported and Experimental Type Hints for Python 3.9+"
optional = false
python-versions = ">=3.9"
groups = ["main"]
files = [
    {file = "typing_extensions-4.15.0-py3-none-any.whl", hash = "sha256:f0fa19c6845758ab08074a0cfa8b7aecb71c999ca73d62883bc25cc018c4e548"},
    {file = "typing_extensions-4.15.0.tar.gz", hash = "sha256:0cea48d173cc12fa28ecabc3b837ea3cf6f38c6d1136f85cbaaf598984861466"},
]

[[package]]
name = "uc-micro-py"
version = "2.0.0"
description = "Micro subset of unicode data files for linkify-it-py projects."
optional = false
python-versions = ">=3.10"
groups = ["main"]
files = [
    {file = "uc_micro_py-2.0.0-py3-none-any.whl", hash = "sha256:3603a3859af53e5a39bc7677713c78ea6589ff188d70f4fee165db88e22b242c"},
    {file = "uc_micro_py-2.0.0.tar.gz", hash = "sha256:c53691e495c8db60e16ffc4861a35469b0ba0821fe409a8a7a0a71864d33a811"},
]

[package.extras]
test = ["coverage", "pytest", "pytest-cov"]

[[package]]
name = "wcwidth"
version = "0.9.2"
description = "Measures the displayed width of unicode strings in a terminal"
optional = false
python-versions = ">=3.9"
groups = ["main"]
files = [
    {file = "wcwidth-0.9.2-cp310-abi3-macosx_10_9_x86_64.whl", hash = "sha256:7ef5a940bd5e30bac6e721f1a48fce0cd7bb3ece19e9c5d139e72c76c35cfd07"},
    {file = "wcwidth-0.9.2-cp310-abi3-macosx_11_0_arm64.whl", hash = "sha256:ae0800c5339423cc53d33a266ad264b42ba8aaa16d4464f6e6b1bee607f50b17"},
    {file = "wcwidth-0.9.2-cp310-abi3-manylinux1_i686.manylinux2014_i686.manylinux_2_17_i686.manylinux_2_5_i686.whl", hash = "sha256:9e542f1f8475b78452a295495d7a5bc3ead565112e9446a64dc93462a41c2a79"},
    {file = "wcwidth-0.9.2-cp310-abi3-manylinux2014_aarch64.manylinux_2_17_aarch64.whl", hash = "sha256:674b518af28d38ee645ff97b74f5760abee5fad4bac74413bfc4b881ef2ce724"},
    {file = "wcwidth-0.9.2-cp310-abi3-manylinux2014_x86_64.manylinux_2_17_x86_64.whl", hash = "sha256:751bef0ab404b6a1dc028b56b4b85d46486be1c55833f80da533e42dc691f389"},
    {file = "wcwidth-0.9.2-cp310-abi3-musllinux_1_2_aarch64.whl", hash = "sha256:c3d80f39ba4653a595edae9aa46a509d14883790a8fc23c5db221ceb207f64b7"},
    {file = "wcwidth-0.9.2-cp310-abi3-musllinux_1_2_i686.whl", hash = "sha256:0a47e03d8293590ecce66c45dc20ff7b4b885e3c78093722239585eca0d77ab2"},
    {file = "wcwidth-0.9.2-cp310-abi3-musllinux_1_2_x86_64.whl", hash = "sha256:67d901a4ad99249eb775b4ee4769ca97fa405d35a75f46e83166910a47003f04"},
    {file = "wcwidth-0.9.2-cp310-abi3-win32.whl", hash = "sha256:ee1fd0db9d9fd711a70f3e7765e0e04c05d26982fa05361456163062549d7da4"},
    {file = "wcwidth-0.9.2-cp310-abi3-win_amd64.whl", hash = "sha256:2a9746de704242bd4fdaabb31dd46b82f694a56a8d21081ad89b679a89da9fec"},
    {file = "wcwidth-0.9.2-cp310-abi3-win_arm64.whl", hash = "sha256:b9c6ab615e03723b7f8760ea2f27758d656e7e13b51515c9dca5c3e8b04612fa"},
    {file = "wcwidth-0.9.2-cp314-cp314t-macosx_10_15_x86_64.whl", hash = "sha256:eda88ffdc97c0fbf193d407114f2c7a54b379f67f6e52a7531ee3b9fe749eca7"},
    {file = "wcwidth-0.9.2-cp314-cp314t-macosx_11_0_arm64.whl", hash = "sha256:1bf361c8705576760623b4724ae564666d73b016f9a778bcfd1c7345378ef4ec"},
    {file = "wcwidth-0.9.2-cp314-cp314t-manylinux1_i686.manylinux2014_i686.manylinux_2_17_i686.manylinux_2_5_i686.whl", hash = "sha256:97b878d1e158da5ed9ac5aac53fa3a55e282103af6a09ec353865613d1a31a76"},
    {file = "wcwidth-0.9.2-cp314-cp314t-manylinux2014_aarch64.manylinux_2_17_aarch64.whl", hash = "sha256:59dab4049cbd982b478bca098528df2c79a9160636a3a163ffebffcbd7d1b892"},
    {file = "wcwidth-0.9.2-cp314-cp314t-manylinux2014_x86_64.manylinux_2_17_x86_64.whl", hash = "sha256:bb08ceb501d6aaf94066c3ee122dd825b152df40ff0bd0df4dc27126233b948e"},
    {file = "wcwidth-0.9.2-cp314-cp314t-win32.whl", hash = "sha256:8b4e381590b9b7390e07e22b2c0c1bb96ce50e1d2243c866d9387600362d51ed"},
    {file = "wcwidth-0.9.2-cp314-cp314t-win_amd64.whl", hash = "sha256:f2f7b3bba5a5d5f31fc350fd36ce5b84b693c83b7eb95ee630b720da5a5ce06f"},
    {file = "wcwidth-0.9.2-cp314-cp314t-win_arm64.whl", hash = "sha256:734aa9405b321d1042301aa19c943c4731ee9e3460e4f8feea3299c064c97a14"},
    {file = "wcwidth-0.9.2-cp315-cp315t-macosx_10_15_x86_64.whl", hash = "sha256:42dbcb76ce8af39e2c9db410ac3f9bdf4e47eb41d6f44525952f172d3d98f724"},
    {file = "wcwidth-0.9.2-cp315-cp315t-macosx_11_0_arm64.whl", hash = "sha256:138e1f8898e431b2f2d7881f8ca8d75591c1d3c21aa53f54e989bd6b39811da2"},
    {file = "wcwidth-0.9.2-cp315-cp315t-manylinux1_i686.manylinux2014_i686.manylinux_2_17_i686.manylinux_2_5_i686.whl", hash = "sha256:5175609bf8cc7398a5f48aa35207bd64ebf9f45e4c70df65f7fdc7a988041a3c"},
    {file = "wcwidth-0.9.2-cp315-cp315t-manylinux2014_aarch64.manylinux_2_17_aarch64.whl", hash = "sha256:e5f669ae8c3d969c72032f9cdee019674b666e522d45e1e2099a2e9dda4a341d"},
    {file = "wcwidth-0.9.2-cp315-cp315t-manylinux2014_x86_64.manylinux_2_17_x86_64.whl", hash = "sha256:196b47cf32f9df27ccda6dc513237f3c2429c4c659db428d60a5bc443d10f270"},
    {file = "wcwidth-0.9.2-cp315-cp315t-win32.whl", hash = "sha256:0cd4f7f2e53905dcb110d213a4c8529b6733fa3d232d8c717f946cc69a10349b"},
    {file = "wcwidth-0.9.2-cp315-cp315t-win_amd64.whl", hash = "sha256:33df042f96c61ed3cd5fb3742fba427553a635bc578799857a48aa79f774a0b9"},
    {file = "wcwidth-0.9.2-cp315-cp315t-win_arm64.whl", hash = "sha256:48719a9bc76c2f84238693fe5013571fa5beffa3621cf228f1f3a9e30dae84b8"},
    {file = "wcwidth-0.9.2-py3-none-any.whl", hash = "sha256:89ca642c5bf0101157a09366be69fad0379db1f700ae39a920e103234573670e"},
    {file = "wcwidth-0.9.2.tar.gz", hash = "sha256:ae0ef90b90f6af38b54f1fe6d58662ec33b3cb4b8391958a62416d654231727b"},
]

[metadata]
lock-version = "2.1"
python-versions = ">=3.11,<4.0"
content-hash = "4b244b00d86516d3eb9d478843c3400a029f8d5016558013c4fe66a80015a2b1"
